
Microsoft Visual Studio Solution File, Format Version 12.00
# Visual Studio Version 17
VisualStudioVersion = 17.10.34916.146
MinimumVisualStudioVersion = 10.0.40219.1
Project("{FAE04EC0-301F-11D3-BF4B-00C04F79EFBC}") = "BubblehopWeb", "BubblehopWeb\BubblehopWeb.csproj", "{68997302-2EC8-43A4-A7D6-D8838E4284E5}"
EndProject
Global
	GlobalSection(SolutionConfigurationPlatforms) = preSolution
		Debug|Any CPU = Debug|Any CPU
		Release|Any CPU = Release|Any CPU
	EndGlobalSection
	GlobalSection(ProjectConfigurationPlatforms) = postSolution
		{68997302-2EC8-43A4-A7D6-D8838E4284E5}.Debug|Any CPU.ActiveCfg = Debug|Any CPU
		{68997302-2EC8-43A4-A7D6-D8838E4284E5}.Debug|Any CPU.Build.0 = Debug|Any CPU
		{68997302-2EC8-43A4-A7D6-D8838E4284E5}.Release|Any CPU.ActiveCfg = Release|Any CPU
		{68997302-2EC8-43A4-A7D6-D8838E4284E5}.Release|Any CPU.Build.0 = Release|Any CPU
	EndGlobalSection
	GlobalSection(SolutionProperties) = preSolution
		HideSolutionNode = FALSE
	EndGlobalSection
	GlobalSection(ExtensibilityGlobals) = postSolution
		SolutionGuid = {69991F22-7471-441F-B7D2-D10A9A54DB6D}
	EndGlobalSection
EndGlobal
