
Microsoft Visual Studio Solution File, Format Version 12.00
# Visual Studio Version 17
VisualStudioVersion = 17.10.34916.146
MinimumVisualStudioVersion = 10.0.40219.1
Project("{9A19103F-16F7-4668-BE54-9A1E7A4F7556}") = "BubblehopWeb", "BubblehopWeb\BubblehopWeb.csproj", "{68997302-2EC8-43A4-A7D6-D8838E4284E5}"
EndProject
Project("{9A19103F-16F7-4668-BE54-9A1E7A4F7556}") = "Bubblehop.DataAccess", "Bubblehop.DataAccess\Bubblehop.DataAccess.csproj", "{7C282A34-6B7F-48AA-8162-959E46FEFCA6}"
EndProject
Project("{9A19103F-16F7-4668-BE54-9A1E7A4F7556}") = "Bubblehop.Models", "Bubblehop.Models\Bubblehop.Models.csproj", "{95CDBAF5-A4B8-4AF7-B4D0-403512E9661D}"
EndProject
Global
	GlobalSection(SolutionConfigurationPlatforms) = preSolution
		Debug|Any CPU = Debug|Any CPU
		Release|Any CPU = Release|Any CPU
	EndGlobalSection
	GlobalSection(ProjectConfigurationPlatforms) = postSolution
		{68997302-2EC8-43A4-A7D6-D8838E4284E5}.Debug|Any CPU.ActiveCfg = Debug|Any CPU
		{68997302-2EC8-43A4-A7D6-D8838E4284E5}.Debug|Any CPU.Build.0 = Debug|Any CPU
		{68997302-2EC8-43A4-A7D6-D8838E4284E5}.Release|Any CPU.ActiveCfg = Release|Any CPU
		{68997302-2EC8-43A4-A7D6-D8838E4284E5}.Release|Any CPU.Build.0 = Release|Any CPU
		{7C282A34-6B7F-48AA-8162-959E46FEFCA6}.Debug|Any CPU.ActiveCfg = Debug|Any CPU
		{7C282A34-6B7F-48AA-8162-959E46FEFCA6}.Debug|Any CPU.Build.0 = Debug|Any CPU
		{7C282A34-6B7F-48AA-8162-959E46FEFCA6}.Release|Any CPU.ActiveCfg = Release|Any CPU
		{7C282A34-6B7F-48AA-8162-959E46FEFCA6}.Release|Any CPU.Build.0 = Release|Any CPU
		{95CDBAF5-A4B8-4AF7-B4D0-403512E9661D}.Debug|Any CPU.ActiveCfg = Debug|Any CPU
		{95CDBAF5-A4B8-4AF7-B4D0-403512E9661D}.Debug|Any CPU.Build.0 = Debug|Any CPU
		{95CDBAF5-A4B8-4AF7-B4D0-403512E9661D}.Release|Any CPU.ActiveCfg = Release|Any CPU
		{95CDBAF5-A4B8-4AF7-B4D0-403512E9661D}.Release|Any CPU.Build.0 = Release|Any CPU
	EndGlobalSection
	GlobalSection(SolutionProperties) = preSolution
		HideSolutionNode = FALSE
	EndGlobalSection
	GlobalSection(ExtensibilityGlobals) = postSolution
		SolutionGuid = {69991F22-7471-441F-B7D2-D10A9A54DB6D}
	EndGlobalSection
EndGlobal
